
Microsoft Visual Studio Solution File, Format Version 12.00
# Visual Studio Version 17
VisualStudioVersion = 17.11.35327.3
MinimumVisualStudioVersion = 10.0.40219.1
Project("{FAE04EC0-301F-11D3-BF4B-00C04F79EFBC}") = "PetFoodNutrientCalculator", "PetFoodNutrientCalculator\PetFoodNutrientCalculator.csproj", "{36AB559D-BE11-49B4-A8FA-4985325ABC7F}"
EndProject
Project("{FAE04EC0-301F-11D3-BF4B-00C04F79EFBC}") = "PetFoodNutrientCalculatorTests", "PetFoodNutriendCalculatorTests\PetFoodNutrientCalculatorTests.csproj", "{2E6FB346-2210-439E-B357-8C297CC5B4A1}"
EndProject
Global
	GlobalSection(SolutionConfigurationPlatforms) = preSolution
		Debug|Any CPU = Debug|Any CPU
		Release|Any CPU = Release|Any CPU
	EndGlobalSection
	GlobalSection(ProjectConfigurationPlatforms) = postSolution
		{36AB559D-BE11-49B4-A8FA-4985325ABC7F}.Debug|Any CPU.ActiveCfg = Debug|Any CPU
		{36AB559D-BE11-49B4-A8FA-4985325ABC7F}.Debug|Any CPU.Build.0 = Debug|Any CPU
		{36AB559D-BE11-49B4-A8FA-4985325ABC7F}.Release|Any CPU.ActiveCfg = Release|Any CPU
		{36AB559D-BE11-49B4-A8FA-4985325ABC7F}.Release|Any CPU.Build.0 = Release|Any CPU
		{2E6FB346-2210-439E-B357-8C297CC5B4A1}.Debug|Any CPU.ActiveCfg = Debug|Any CPU
		{2E6FB346-2210-439E-B357-8C297CC5B4A1}.Debug|Any CPU.Build.0 = Debug|Any CPU
		{2E6FB346-2210-439E-B357-8C297CC5B4A1}.Release|Any CPU.ActiveCfg = Release|Any CPU
		{2E6FB346-2210-439E-B357-8C297CC5B4A1}.Release|Any CPU.Build.0 = Release|Any CPU
	EndGlobalSection
	GlobalSection(SolutionProperties) = preSolution
		HideSolutionNode = FALSE
	EndGlobalSection
	GlobalSection(ExtensibilityGlobals) = postSolution
		SolutionGuid = {BF4A698C-D901-4447-A37C-1AF238DE9462}
	EndGlobalSection
EndGlobal
